{
  "name": "demo-package-lock-merges",
  "version": "1.0.0",
  "lockfileVersion": 1,
  "requires": true,
  "dependencies": {
    "@types/node": {
      "version": "18.8.4",
      "resolved": "https://registry.npmjs.org/@types/node/-/node-18.8.4.tgz",
      "integrity": "sha512-WdlVphvfR/GJCLEMbNA8lJ0lhFNBj4SW3O+O5/cEGw9oYrv0al9zTwuQsq+myDUXgNx2jgBynoVgZ2MMJ6pbow=="
    },
    "accepts": {
      "version": "1.2.13",
      "resolved": "https://registry.npmjs.org/accepts/-/accepts-1.2.13.tgz",
      "integrity": "sha512-R190A3EzrS4huFOVZajhXCYZt5p5yrkaQOB4nsWzfth0cYaDcSN5J86l58FJ1dt7igp37fB/QhnuFkGAJmr+eg==",
      "requires": {
        "mime-types": "~2.1.6",
        "negotiator": "0.5.3"
      },
      "dependencies": {
        "mime-db": {
          "version": "1.52.0",
          "resolved": "https://registry.npmjs.org/mime-db/-/mime-db-1.52.0.tgz",
          "integrity": "sha512-sPU4uV7dYlvtWJxwwxHD0PuihVNiE7TyAbQ5SWxDCB9mUYvOgroQOwYQQOKPJ8CIbE+1ETVlOoK1UC2nU3gYvg=="
        },
        "mime-types": {
          "version": "2.1.35",
          "resolved": "https://registry.npmjs.org/mime-types/-/mime-types-2.1.35.tgz",
          "integrity": "sha512-ZDY+bPm5zTTF+YpCrAU9nK0UgICYPT0QtT1NZWFv4s++TNkcgVaT0g6+4R2uI4MjQjzysHB1zxuWL50hzaeXiw==",
          "requires": {
            "mime-db": "1.52.0"
          }
        }
      }
    },
    "base64-url": {
      "version": "1.2.1",
      "resolved": "https://registry.npmjs.org/base64-url/-/base64-url-1.2.1.tgz",
      "integrity": "sha512-V8E0l1jyyeSSS9R+J9oljx5eq2rqzClInuwaPcyuv0Mm3ViI/3/rcc4rCEO8i4eQ4I0O0FAGYDA2i5xWHHPhzg=="
    },
    "basic-auth": {
      "version": "1.0.0",
      "resolved": "https://registry.npmjs.org/basic-auth/-/basic-auth-1.0.0.tgz",
      "integrity": "sha512-qzxS7/bW/LSiKZzdZw3isPjiVmzXbJLM3ImZZ62WMR3oJQAyqy094Nnb0TA2ZZm65xB7nu0acfTQ99z7wwCDCw=="
    },
    "basic-auth-connect": {
      "version": "1.0.0",
      "resolved": "https://registry.npmjs.org/basic-auth-connect/-/basic-auth-connect-1.0.0.tgz",
      "integrity": "sha512-kiV+/DTgVro4aZifY/hwRwALBISViL5NP4aReaR2EVJEObpbUBHIkdJh/YpcoEiYt7nBodZ6U2ajZeZvSxUCCg=="
    },
    "batch": {
      "version": "0.5.2",
      "resolved": "https://registry.npmjs.org/batch/-/batch-0.5.2.tgz",
      "integrity": "sha512-X0I0DXa+bcVkCRdJv2tUBIYLl+tCE/2e/sE2NHpNneZT49sa0JUJjMevlbKJRajngUOk0MamQvetRDyTkzKqnA=="
    },
    "body-parser": {
      "version": "1.10.2",
      "resolved": "https://registry.npmjs.org/body-parser/-/body-parser-1.10.2.tgz",
      "integrity": "sha512-jvUDKORaxvvm3A4QlCxnVVACN/xamCrif3T6Bk6f+41sWmYokg003LMCLJXgeDH63sl0WjHAfGeTEOBbzy4vqA==",
      "requires": {
        "bytes": "1.0.0",
        "depd": "~1.0.0",
        "iconv-lite": "0.4.6",
        "media-typer": "0.3.0",
        "on-finished": "~2.2.0",
        "qs": "2.3.3",
        "raw-body": "1.3.2",
        "type-is": "~1.5.5"
      },
      "dependencies": {
        "qs": {
          "version": "2.3.3",
          "resolved": "https://registry.npmjs.org/qs/-/qs-2.3.3.tgz",
          "integrity": "sha512-f5M0HQqZWkzU8GELTY8LyMrGkr3bPjKoFtTkwUEqJQbcljbeK8M7mliP9Ia2xoOI6oMerp+QPS7oYJtpGmWe/A=="
        }
      }
    },
    "bytes": {
      "version": "1.0.0",
      "resolved": "https://registry.npmjs.org/bytes/-/bytes-1.0.0.tgz",
      "integrity": "sha512-/x68VkHLeTl3/Ll8IvxdwzhrT+IyKc52e/oyHhA2RwqPqswSnjVbSddfPRwAsJtbilMAPSRWwAlpxdYsSWOTKQ=="
    },
    "call-bind": {
      "version": "1.0.2",
      "resolved": "https://registry.npmjs.org/call-bind/-/call-bind-1.0.2.tgz",
      "integrity": "sha512-7O+FbCihrB5WGbFYesctwmTKae6rOiIzmz1icreWJ+0aA7LJfuqhEso2T9ncpcFtzMQtzXf2QGGueWJGTYsqrA==",
      "requires": {
        "function-bind": "^1.1.1",
        "get-intrinsic": "^1.0.2"
      }
    },
    "commander": {
      "version": "2.6.0",
      "resolved": "https://registry.npmjs.org/commander/-/commander-2.6.0.tgz",
      "integrity": "sha512-PhbTMT+ilDXZKqH8xbvuUY2ZEQNef0Q7DKxgoEKb4ccytsdvVVJmYqR0sGbi96nxU6oGrwEIQnclpK2NBZuQlg=="
    },
    "compressible": {
      "version": "2.0.18",
      "resolved": "https://registry.npmjs.org/compressible/-/compressible-2.0.18.tgz",
      "integrity": "sha512-AF3r7P5dWxL8MxyITRMlORQNaOA2IkAFaTr4k7BUumjPtRpGDTZpl0Pb1XCO6JeDCBdp126Cgs9sMxqSjgYyRg==",
      "requires": {
        "mime-db": ">= 1.43.0 < 2"
      },
      "dependencies": {
        "mime-db": {
          "version": "1.52.0",
          "resolved": "https://registry.npmjs.org/mime-db/-/mime-db-1.52.0.tgz",
          "integrity": "sha512-sPU4uV7dYlvtWJxwwxHD0PuihVNiE7TyAbQ5SWxDCB9mUYvOgroQOwYQQOKPJ8CIbE+1ETVlOoK1UC2nU3gYvg=="
        }
      }
    },
    "compression": {
      "version": "1.3.1",
      "resolved": "https://registry.npmjs.org/compression/-/compression-1.3.1.tgz",
      "integrity": "sha512-N1NF/v4T8HLdspUTz3eHgc9Xn1AtMSrZEBam63MUbvvTEO+k2OnjplkWpOt00MGnjzre2xKcqz8MxCNMBqJCmA==",
      "requires": {
        "accepts": "~1.2.3",
        "bytes": "1.0.0",
        "compressible": "~2.0.2",
        "debug": "~2.1.1",
        "on-headers": "~1.0.0",
        "vary": "~1.0.0"
      }
    },
    "connect": {
      "version": "2.28.1",
      "resolved": "https://registry.npmjs.org/connect/-/connect-2.28.1.tgz",
      "integrity": "sha512-RXKe+9lzb+m3P5jkXA90j2gJDGUrgxOkdoiUT9nZZRtpTj24BZQbH3EuD6gFTeNCdmswx14+wRNiZSQgZhvdWg==",
      "requires": {
        "basic-auth-connect": "1.0.0",
        "body-parser": "~1.10.1",
        "bytes": "1.0.0",
        "compression": "~1.3.0",
        "connect-timeout": "~1.5.0",
        "cookie": "0.1.2",
        "cookie-parser": "~1.3.3",
        "cookie-signature": "1.0.5",
        "csurf": "~1.6.5",
        "debug": "~2.1.1",
        "depd": "~1.0.0",
        "errorhandler": "~1.3.2",
        "express-session": "~1.10.1",
        "finalhandler": "0.3.3",
        "fresh": "0.2.4",
        "http-errors": "~1.2.8",
        "media-typer": "0.3.0",
        "method-override": "~2.3.1",
        "morgan": "~1.5.1",
        "multiparty": "3.3.2",
        "on-headers": "~1.0.0",
        "parseurl": "~1.3.0",
        "pause": "0.0.1",
        "qs": "2.3.3",
        "response-time": "~2.2.0",
        "serve-favicon": "~2.2.0",
        "serve-index": "~1.6.0",
        "serve-static": "~1.8.0",
        "type-is": "~1.5.5",
        "utils-merge": "1.0.0",
        "vhost": "~3.0.0"
      },
      "dependencies": {
        "qs": {
          "version": "2.3.3",
          "resolved": "https://registry.npmjs.org/qs/-/qs-2.3.3.tgz",
          "integrity": "sha512-f5M0HQqZWkzU8GELTY8LyMrGkr3bPjKoFtTkwUEqJQbcljbeK8M7mliP9Ia2xoOI6oMerp+QPS7oYJtpGmWe/A=="
        }
      }
    },
    "connect-timeout": {
      "version": "1.5.0",
      "resolved": "https://registry.npmjs.org/connect-timeout/-/connect-timeout-1.5.0.tgz",
      "integrity": "sha512-/qVw777FvC9ZNOHrI+b0mgwL/W8WKYALa1WG5uHpdwEdF69sqVEjo/Xg2TQ3G2uFwjdkJfmps5BT1uOKPSRewQ==",
      "requires": {
        "debug": "~2.1.1",
        "http-errors": "~1.2.8",
        "ms": "0.7.0",
        "on-headers": "~1.0.0"
      }
    },
    "content-disposition": {
      "version": "0.5.0",
      "resolved": "https://registry.npmjs.org/content-disposition/-/content-disposition-0.5.0.tgz",
      "integrity": "sha512-PWzG8GssMHTPSLBoOeK5MvPPJeWU5ZVX8omvJC16BUH/nUX6J/jM/hgm/mrPWzTXVV3B3OoBhFdHXyGLU4TgUw=="
    },
    "cookie": {
      "version": "0.1.2",
      "resolved": "https://registry.npmjs.org/cookie/-/cookie-0.1.2.tgz",
      "integrity": "sha512-+mHmWbhevLwkiBf7QcbZXHr0v4ZQQ/OgHk3fsQHrsMMiGzuvAmU/YMUR+ZfrO/BLAGIWFfx2Z7Oyso0tZR/wiA=="
    },
    "cookie-parser": {
      "version": "1.3.5",
      "resolved": "https://registry.npmjs.org/cookie-parser/-/cookie-parser-1.3.5.tgz",
      "integrity": "sha512-YN/8nzPcK5o6Op4MIzAd4H4qUal5+3UaMhVIeaafFYL0pKvBQA/9Yhzo7ZwvBpjdGshsiTAb1+FC37M6RdPDFg==",
      "requires": {
        "cookie": "0.1.3",
        "cookie-signature": "1.0.6"
      },
      "dependencies": {
        "cookie": {
          "version": "0.1.3",
          "resolved": "https://registry.npmjs.org/cookie/-/cookie-0.1.3.tgz",
          "integrity": "sha512-mWkFhcL+HVG1KjeCjEBVJJ7s4sAGMLiBDFSDs4bzzvgLZt7rW8BhP6XV/8b1+pNvx/skd3yYxPuaF3Z6LlQzyw=="
        },
        "cookie-signature": {
          "version": "1.0.6",
          "resolved": "https://registry.npmjs.org/cookie-signature/-/cookie-signature-1.0.6.tgz",
          "integrity": "sha512-QADzlaHc8icV8I7vbaJXJwod9HWYp8uCqf1xa4OfNu1T7JVxQIrUgOWtHdNDtPiywmFbiS12VjotIXLrKM3orQ=="
        }
      }
    },
    "cookie-signature": {
      "version": "1.0.5",
      "resolved": "https://registry.npmjs.org/cookie-signature/-/cookie-signature-1.0.5.tgz",
      "integrity": "sha512-Ym05XFKVD+EOB43QU3ovI/KvqFo5MP4BGsH+SkAMn2mdjLj2W4bOSyNsw1Ik1gI7CyDtR9Ae2TUFHexgaiEuZg=="
    },
    "core-util-is": {
      "version": "1.0.3",
      "resolved": "https://registry.npmjs.org/core-util-is/-/core-util-is-1.0.3.tgz",
      "integrity": "sha512-ZQBvi1DcpJ4GDqanjucZ2Hj3wEO5pZDS89BWbkcrvdxksJorwUDDZamX9ldFkp9aw2lmBDLgkObEA4DWNJ9FYQ=="
    },
    "crc": {
      "version": "3.2.1",
      "resolved": "https://registry.npmjs.org/crc/-/crc-3.2.1.tgz",
      "integrity": "sha512-H21TaZQyic++ilBStWHntVpS2STWO37tzE0w0P5iAY1ntaPVtlZ3E6FcwltyZa6MYrEbKMxjEwXh3fBHlW8Qqw=="
    },
    "csrf": {
      "version": "2.0.7",
      "resolved": "https://registry.npmjs.org/csrf/-/csrf-2.0.7.tgz",
      "integrity": "sha512-AA22oKr4/2k9QxCLXOS/10NcGudOsxj6oRTa6HjW3spZbJJgKaODdOo1AnZSuz1fSdVNmf4ddXPLsBX+PDeLNA==",
      "requires": {
        "base64-url": "1.2.1",
        "rndm": "~1.1.0",
        "scmp": "1.0.0",
        "uid-safe": "~1.1.0"
      }
    },
    "csurf": {
      "version": "1.6.6",
      "resolved": "https://registry.npmjs.org/csurf/-/csurf-1.6.6.tgz",
      "integrity": "sha512-dDO66hRf7u8nsgFJVQ/HpOOR7WoqtLlsToEzp+k+9mjNssSCFWPN/lAcYP4vtfu9KrADxY727zrPVruqX9lNuQ==",
      "requires": {
        "cookie": "0.1.2",
        "cookie-signature": "1.0.5",
        "csrf": "~2.0.5",
        "http-errors": "~1.2.8"
      }
    },
    "debug": {
      "version": "2.1.3",
      "resolved": "https://registry.npmjs.org/debug/-/debug-2.1.3.tgz",
      "integrity": "sha512-KWau3VQmxO3YwQCjJzMPPusOtI0hx3UGsqnY7RS+QHQjUeawpOVtJvAdeTrI2Ja5DTR8KH3xaEN8c+ADbXJWeg==",
      "requires": {
        "ms": "0.7.0"
      }
    },
    "depd": {
      "version": "1.0.1",
      "resolved": "https://registry.npmjs.org/depd/-/depd-1.0.1.tgz",
      "integrity": "sha512-OEWAMbCkK9IWQ8pfTvHBhCSqHgR+sk5pbiYqq0FqfARG4Cy+cRsCbITx6wh5pcsmfBPiJAcbd98tfdz5fnBbag=="
    },
    "destroy": {
      "version": "1.0.3",
      "resolved": "https://registry.npmjs.org/destroy/-/destroy-1.0.3.tgz",
      "integrity": "sha512-KB/AVLKRwZPOEo6/lxkDJ+Bv3jFRRrhmnRMPvpWwmIfUggpzGkQBqolyo8FRf833b/F5rzmy1uVN3fHBkjTxgw=="
    },
    "ee-first": {
      "version": "1.1.0",
      "resolved": "https://registry.npmjs.org/ee-first/-/ee-first-1.1.0.tgz",
      "integrity": "sha512-n4X/DaHVKHyDy1Rwuzm1UPjTRIBSarj1BBZ5R5HLOFLn58yhw510qoF1zk94jjkw3mXScdsmMtYCNR1jsAJlEA=="
    },
    "errorhandler": {
      "version": "1.3.6",
      "resolved": "https://registry.npmjs.org/errorhandler/-/errorhandler-1.3.6.tgz",
      "integrity": "sha512-3I7tdX1yENY11jzUOMDDxk9GFvzPjpi6wU5El4j5xqKECsfDG9Zk5AII3bpybjurXctFXHYS6ZSkLai96O9Prg==",
      "requires": {
        "accepts": "~1.2.6",
        "escape-html": "1.0.1"
      }
    },
    "escape-html": {
      "version": "1.0.1",
      "resolved": "https://registry.npmjs.org/escape-html/-/escape-html-1.0.1.tgz",
      "integrity": "sha512-z6kAnok8fqVTra7Yu77dZF2Y6ETJlxH58wN38wNyuNQLm8xXdKnfNrlSmfXsTePWP03rRVUKHubtUwanwUi7+g=="
    },
    "etag": {
      "version": "1.5.1",
      "resolved": "https://registry.npmjs.org/etag/-/etag-1.5.1.tgz",
      "integrity": "sha512-Y+bhHICnjqZeY4I1kHDwvWTN0VcrI3ucWNbtofd0LLarRKEK8DkAL0uBdl3HCmf1HMjyrmgC/kqj+zXG5mYe7A==",
      "requires": {
        "crc": "3.2.1"
      }
    },
    "express": {
      "version": "3.19.0",
      "resolved": "https://registry.npmjs.org/express/-/express-3.19.0.tgz",
      "integrity": "sha512-/6eJ0kTasdl0U/wg4bItdrKNnS+pKbmT+cNgJsffD22Lqb9WtTiNARlqqHEaCf1y+rxSRedrXwOR7dRyj9GlbQ==",
      "requires": {
        "basic-auth": "1.0.0",
        "commander": "2.6.0",
        "connect": "2.28.1",
        "content-disposition": "0.5.0",
        "cookie": "0.1.2",
        "cookie-signature": "1.0.5",
        "debug": "~2.1.1",
        "depd": "~1.0.0",
        "escape-html": "1.0.1",
        "etag": "~1.5.1",
        "fresh": "0.2.4",
        "media-typer": "0.3.0",
        "merge-descriptors": "0.0.2",
        "methods": "~1.1.1",
        "mkdirp": "0.5.0",
        "parseurl": "~1.3.0",
        "proxy-addr": "~1.0.5",
        "range-parser": "~1.0.2",
        "send": "0.11.0",
        "utils-merge": "1.0.0",
        "vary": "~1.0.0"
      }
    },
    "express-session": {
      "version": "1.10.4",
      "resolved": "https://registry.npmjs.org/express-session/-/express-session-1.10.4.tgz",
      "integrity": "sha512-wlV6vPtfXLB9/jCYIqO7Kn78EuTjLLbJ0umBbJZXx/IwgtYtTaFjEmg4nOIKZ6c0k7POUMEXiXB3NxojQ7Wa3Q==",
      "requires": {
        "cookie": "0.1.2",
        "cookie-signature": "1.0.6",
        "crc": "3.2.1",
        "debug": "~2.1.3",
        "depd": "~1.0.0",
        "on-headers": "~1.0.0",
        "parseurl": "~1.3.0",
        "uid-safe": "1.1.0",
        "utils-merge": "1.0.0"
      },
      "dependencies": {
        "cookie-signature": {
          "version": "1.0.6",
          "resolved": "https://registry.npmjs.org/cookie-signature/-/cookie-signature-1.0.6.tgz",
          "integrity": "sha512-QADzlaHc8icV8I7vbaJXJwod9HWYp8uCqf1xa4OfNu1T7JVxQIrUgOWtHdNDtPiywmFbiS12VjotIXLrKM3orQ=="
        }
      }
    },
    "finalhandler": {
      "version": "0.3.3",
      "resolved": "https://registry.npmjs.org/finalhandler/-/finalhandler-0.3.3.tgz",
      "integrity": "sha512-2Os1f3WIa2papf/sQ10h3NKjI+iadgTUIb2MfIUFcKFZgRSmQtBbYdhKct9wkWjoJA6+zIgIMDFtk4Fd0qKhdg==",
      "requires": {
        "debug": "~2.1.1",
        "escape-html": "1.0.1",
        "on-finished": "~2.2.0"
      }
    },
    "forwarded": {
      "version": "0.1.2",
      "resolved": "https://registry.npmjs.org/forwarded/-/forwarded-0.1.2.tgz",
      "integrity": "sha512-Ua9xNhH0b8pwE3yRbFfXJvfdWF0UHNCdeyb2sbi9Ul/M+r3PTdrz7Cv4SCfZRMjmzEM9PhraqfZFbGTIg3OMyA=="
    },
    "fresh": {
      "version": "0.2.4",
      "resolved": "https://registry.npmjs.org/fresh/-/fresh-0.2.4.tgz",
      "integrity": "sha512-mnBGgIFRNu54GtbkXy6+QKPYW/b5joAURorA8ELeJc/5BBNph6Go1NmHa9dt08ghFnhGuLenrUmNO8Za1CwEUQ=="
    },
    "function-bind": {
      "version": "1.1.1",
      "resolved": "https://registry.npmjs.org/function-bind/-/function-bind-1.1.1.tgz",
      "integrity": "sha512-yIovAzMX49sF8Yl58fSCWJ5svSLuaibPxXQJFLmBObTuCr0Mf1KiPopGM9NiFjiYBCbfaa2Fh6breQ6ANVTI0A=="
    },
    "get-intrinsic": {
      "version": "1.1.3",
      "resolved": "https://registry.npmjs.org/get-intrinsic/-/get-intrinsic-1.1.3.tgz",
      "integrity": "sha512-QJVz1Tj7MS099PevUG5jvnt9tSkXN8K14dxQlikJuPt4uD9hHAHjLyLBiLR5zELelBdD9QNRAXZzsJx0WaDL9A==",
      "requires": {
        "function-bind": "^1.1.1",
        "has": "^1.0.3",
        "has-symbols": "^1.0.3"
      }
    },
    "has": {
      "version": "1.0.3",
      "resolved": "https://registry.npmjs.org/has/-/has-1.0.3.tgz",
      "integrity": "sha512-f2dvO0VU6Oej7RkWJGrehjbzMAjFp5/VKPp5tTpWIV4JHHZK1/BxbFRtf/siA2SWTe09caDmVtYYzWEIbBS4zw==",
      "requires": {
        "function-bind": "^1.1.1"
      }
    },
    "has-symbols": {
      "version": "1.0.3",
      "resolved": "https://registry.npmjs.org/has-symbols/-/has-symbols-1.0.3.tgz",
      "integrity": "sha512-l3LCuF6MgDNwTDKkdYGEihYjt5pRPbEg46rtlmnSPlUbgmB8LOIrKJbYYFBSbnPaJexMKtiPO8hmeRjRz2Td+A=="
    },
    "http-errors": {
      "version": "1.2.8",
      "resolved": "https://registry.npmjs.org/http-errors/-/http-errors-1.2.8.tgz",
      "integrity": "sha512-zqmsJxOyxtIKiQMXiL3PyIlo5d2PWxBzZWAiR3V6Lo/tWX8/n0xrJ5JIr5r+BLeI3obeqi3hoaZkNBCbCcWPZw==",
      "requires": {
        "inherits": "~2.0.1",
        "statuses": "1"
      }
    },
    "iconv-lite": {
      "version": "0.4.6",
      "resolved": "https://registry.npmjs.org/iconv-lite/-/iconv-lite-0.4.6.tgz",
      "integrity": "sha512-aop+f6/kQEnzTfi6Rv8KLQMt1bY8/0bFTS5oSiYnwXlCH6eI/gJzL+rGjTwsA7soKCcq/hkeDySFC7PwBELX2w=="
    },
    "inherits": {
      "version": "2.0.4",
      "resolved": "https://registry.npmjs.org/inherits/-/inherits-2.0.4.tgz",
      "integrity": "sha512-k/vGaX4/Yla3WzyMCvTQOXYeIHvqOKtnqBduzTHpzpQZzAskKMhZ2K+EnBiSM9zGSoIFeMpXKxa4dYeZIQqewQ=="
    },
    "ipaddr.js": {
      "version": "1.0.5",
      "resolved": "https://registry.npmjs.org/ipaddr.js/-/ipaddr.js-1.0.5.tgz",
      "integrity": "sha512-wBj+q+3uP78gMowwWgFLAYm/q4x5goyZmDsmuvyz+nd1u0D/ghgXXtc1OkgmTzSiWT101kiqGacwFk9eGQw6xQ=="
    },
    "isarray": {
      "version": "0.0.1",
      "resolved": "https://registry.npmjs.org/isarray/-/isarray-0.0.1.tgz",
      "integrity": "sha512-D2S+3GLxWH+uhrNEcoh/fnmYeP8E8/zHl644d/jdA0g2uyXvy3sb0qxotE+ne0LtccHknQzWwZEzhak7oJ0COQ=="
    },
    "media-typer": {
      "version": "0.3.0",
      "resolved": "https://registry.npmjs.org/media-typer/-/media-typer-0.3.0.tgz",
      "integrity": "sha512-dq+qelQ9akHpcOl/gUVRTxVIOkAJ1wR3QAvb4RsVjS8oVoFjDGTc679wJYmUmknUF5HwMLOgb5O+a3KxfWapPQ=="
    },
    "merge-descriptors": {
      "version": "0.0.2",
      "resolved": "https://registry.npmjs.org/merge-descriptors/-/merge-descriptors-0.0.2.tgz",
      "integrity": "sha512-dYBT4Ep+t/qnPeJcnMymmhTdd4g8/hn48ciaDqLAkfRf8abzLPS6Rb6EBdz5CZCL8tzZuI5ps9MhGQGxk+EuKg=="
    },
    "method-override": {
      "version": "2.3.10",
      "resolved": "https://registry.npmjs.org/method-override/-/method-override-2.3.10.tgz",
      "integrity": "sha512-Ks2/7e+3JuwQcpLybc6wTHyqg13HDjOhLcE+YaAEub9DbSxF+ieMvxUlybmWW9luRMh9Cd0rO9aNtzUT51xfNQ==",
      "requires": {
        "debug": "2.6.9",
        "methods": "~1.1.2",
        "parseurl": "~1.3.2",
        "vary": "~1.1.2"
      },
      "dependencies": {
        "debug": {
          "version": "2.6.9",
          "resolved": "https://registry.npmjs.org/debug/-/debug-2.6.9.tgz",
          "integrity": "sha512-bC7ElrdJaJnPbAP+1EotYvqZsb3ecl5wi6Bfi6BJTUcNowp6cvspg0jXznRTKDjm/E7AdgFBVeAPVMNcKGsHMA==",
          "requires": {
            "ms": "2.0.0"
          }
        },
        "ms": {
          "version": "2.0.0",
          "resolved": "https://registry.npmjs.org/ms/-/ms-2.0.0.tgz",
          "integrity": "sha512-Tpp60P6IUJDTuOq/5Z8cdskzJujfwqfOTkrwIwj7IRISpnkJnT6SyJ4PCPnGMoFjC9ddhal5KVIYtAt97ix05A=="
        },
        "vary": {
          "version": "1.1.2",
          "resolved": "https://registry.npmjs.org/vary/-/vary-1.1.2.tgz",
          "integrity": "sha512-BNGbWLfd0eUPabhkXUVm0j8uuvREyTh5ovRa/dyow/BqAbZJyC+5fU+IzQOzmAKzYqYRAISoRhdQr3eIZ/PXqg=="
        }
      }
    },
    "methods": {
      "version": "1.1.2",
      "resolved": "https://registry.npmjs.org/methods/-/methods-1.1.2.tgz",
      "integrity": "sha512-iclAHeNqNm68zFtnZ0e+1L2yUIdvzNoauKU4WBA3VvH/vPFieF7qfRlwUZU+DA9P9bPXIS90ulxoUoCH23sV2w=="
    },
    "mime": {
      "version": "1.2.11",
      "resolved": "https://registry.npmjs.org/mime/-/mime-1.2.11.tgz",
      "integrity": "sha512-Ysa2F/nqTNGHhhm9MV8ure4+Hc+Y8AWiqUdHxsO7xu8zc92ND9f3kpALHjaP026Ft17UfxrMt95c50PLUeynBw=="
    },
    "mime-db": {
      "version": "1.12.0",
      "resolved": "https://registry.npmjs.org/mime-db/-/mime-db-1.12.0.tgz",
      "integrity": "sha512-5aMAW7I4jZoZB27fXRuekqc4DVvJ7+hM8UcWrNj2mqibE54gXgPSonBYBdQW5hyaVNGmiYjY0ZMqn9fBefWYvA=="
    },
    "mime-types": {
      "version": "2.0.14",
      "resolved": "https://registry.npmjs.org/mime-types/-/mime-types-2.0.14.tgz",
      "integrity": "sha512-2ZHUEstNkIf2oTWgtODr6X0Cc4Ns/RN/hktdozndiEhhAC2wxXejF1FH0XLHTEImE9h6gr/tcnr3YOnSGsxc7Q==",
      "requires": {
        "mime-db": "~1.12.0"
      }
    },
    "minimist": {
      "version": "0.0.8",
      "resolved": "https://registry.npmjs.org/minimist/-/minimist-0.0.8.tgz",
      "integrity": "sha512-miQKw5Hv4NS1Psg2517mV4e4dYNaO3++hjAvLOAzKqZ61rH8NS1SK+vbfBWZ5PY/Me/bEWhUwqMghEW5Fb9T7Q=="
    },
    "mkdirp": {
      "version": "0.5.0",
      "resolved": "https://registry.npmjs.org/mkdirp/-/mkdirp-0.5.0.tgz",
      "integrity": "sha512-xjjNGy+ry1lhtIKcr2PT6ok3aszhQfgrUDp4OZLHacgRgFmF6XR9XCOJVcXlVGQonIqXcK1DvqgKKQOPWYGSfw==",
      "requires": {
        "minimist": "0.0.8"
      }
    },
    "morgan": {
      "version": "1.5.3",
      "resolved": "https://registry.npmjs.org/morgan/-/morgan-1.5.3.tgz",
      "integrity": "sha512-+4p403LxsJWcE8MRQlEkXqlZp/8B387URRZmIaqR36rr8X5sLiqWLXfnxjHIwY/f9g1pUqgCGFV5M1EaZm6WAw==",
      "requires": {
        "basic-auth": "~1.0.1",
        "debug": "~2.2.0",
        "depd": "~1.0.1",
        "on-finished": "~2.2.1"
      },
      "dependencies": {
        "basic-auth": {
          "version": "1.0.4",
          "resolved": "https://registry.npmjs.org/basic-auth/-/basic-auth-1.0.4.tgz",
          "integrity": "sha512-uvq3I/zC5TmG0WZJDzsXzIytU9GiiSq23Gl27Dq9sV81JTfPfQhtdADECP1DJZeJoZPuYU0Y81hWC5y/dOR+Yw=="
        },
        "debug": {
          "version": "2.2.0",
          "resolved": "https://registry.npmjs.org/debug/-/debug-2.2.0.tgz",
          "integrity": "sha512-X0rGvJcskG1c3TgSCPqHJ0XJgwlcvOC7elJ5Y0hYuKBZoVqWpAMfLOeIh2UI/DCQ5ruodIjvsugZtjUYUw2pUw==",
          "requires": {
            "ms": "0.7.1"
          }
        },
        "ms": {
          "version": "0.7.1",
          "resolved": "https://registry.npmjs.org/ms/-/ms-0.7.1.tgz",
          "integrity": "sha512-lRLiIR9fSNpnP6TC4v8+4OU7oStC01esuNowdQ34L+Gk8e5Puoc88IqJ+XAY/B3Mn2ZKis8l8HX90oU8ivzUHg=="
        }
      }
    },
    "ms": {
      "version": "0.7.0",
      "resolved": "https://registry.npmjs.org/ms/-/ms-0.7.0.tgz",
      "integrity": "sha512-YmuMMkfOZzzAftlHwiQxFepJx/5rDaYi9o9QanyBCk485BRAyM/vB9XoYlZvglxE/pmAWOiQgrdoE10watiK9w=="
    },
    "multiparty": {
      "version": "3.3.2",
      "resolved": "https://registry.npmjs.org/multiparty/-/multiparty-3.3.2.tgz",
      "integrity": "sha512-FX6dDOKzDpkrb5/+Imq+V6dmCZNnC02tMDiZfrgHSYgfQj6CVPGzOVqfbHKt/Vy4ZZsmMPXkulyLf92lCyvV7A==",
      "requires": {
        "readable-stream": "~1.1.9",
        "stream-counter": "~0.2.0"
      }
    },
    "native-or-bluebird": {
      "version": "1.1.2",
      "resolved": "https://registry.npmjs.org/native-or-bluebird/-/native-or-bluebird-1.1.2.tgz",
      "integrity": "sha512-Bgn5FHNkd+lPTjIzq1NVU/VZTvPKFvhdIDEyYjxrKNrScSXbVvNVzOKwoleysun0/HoN7R+TXmK9mCtEs84osA=="
    },
    "negotiator": {
      "version": "0.5.3",
      "resolved": "https://registry.npmjs.org/negotiator/-/negotiator-0.5.3.tgz",
      "integrity": "sha512-oXmnazqehLNFohqgLxRyUdOQU9/UX0NpCpsnbjWUjM62ZM8oSOXYZpHc68XR130ftPNano0oQXGdREAplZRhaQ=="
    },
    "object-inspect": {
      "version": "1.12.2",
      "resolved": "https://registry.npmjs.org/object-inspect/-/object-inspect-1.12.2.tgz",
      "integrity": "sha512-z+cPxW0QGUp0mcqcsgQyLVRDoXFQbXOwBaqyF7VIgI4TWNQsDHrBpUQslRmIfAoYWdYzs6UlKJtB2XJpTaNSpQ=="
    },
    "on-finished": {
      "version": "2.2.1",
      "resolved": "https://registry.npmjs.org/on-finished/-/on-finished-2.2.1.tgz",
      "integrity": "sha512-9HvMYLv7im5uzOAcg1lon2cEUxycCF4OI+zPz1R/x3MvBv5s2F+DuxrGwkPe+UwvStDQpWbrkXfLZv12mHbl4A==",
      "requires": {
        "ee-first": "1.1.0"
      }
    },
    "on-headers": {
      "version": "1.0.2",
      "resolved": "https://registry.npmjs.org/on-headers/-/on-headers-1.0.2.tgz",
      "integrity": "sha512-pZAE+FJLoyITytdqK0U5s+FIpjN0JP3OzFi/u8Rx+EV5/W+JTWGXG8xFzevE7AjBfDqHv/8vL8qQsIhHnqRkrA=="
    },
    "parseurl": {
      "version": "1.3.3",
      "resolved": "https://registry.npmjs.org/parseurl/-/parseurl-1.3.3.tgz",
      "integrity": "sha512-CiyeOxFT/JZyN5m0z9PfXw4SCBJ6Sygz1Dpl0wqjlhDEGGBP1GnsUVEL0p63hoG1fcj3fHynXi9NYO4nWOL+qQ=="
    },
    "pause": {
      "version": "0.0.1",
      "resolved": "https://registry.npmjs.org/pause/-/pause-0.0.1.tgz",
      "integrity": "sha512-KG8UEiEVkR3wGEb4m5yZkVCzigAD+cVEJck2CzYZO37ZGJfctvVptVO192MwrtPhzONn6go8ylnOdMhKqi4nfg=="
    },
    "proxy-addr": {
      "version": "1.0.10",
      "resolved": "https://registry.npmjs.org/proxy-addr/-/proxy-addr-1.0.10.tgz",
      "integrity": "sha512-iq6kR9KN32aFvXjDyC8nIrm203AHeIBPjL6dpaHgSdbpTO8KoPlD0xG92xwwtkCL9+yt1LE5VwpEk43TyP38Dg==",
      "requires": {
        "forwarded": "~0.1.0",
        "ipaddr.js": "1.0.5"
      }
    },
    "qs": {
      "version": "6.11.0",
      "resolved": "https://registry.npmjs.org/qs/-/qs-6.11.0.tgz",
      "integrity": "sha512-MvjoMCJwEarSbUYk5O+nmoSzSutSsTwF85zcHPQ9OrlFoZOYIjaqBAJIqIXjptyD5vThxGq52Xu/MaJzRkIk4Q==",
      "requires": {
        "side-channel": "^1.0.4"
      }
    },
    "range-parser": {
      "version": "1.0.3",
      "resolved": "https://registry.npmjs.org/range-parser/-/range-parser-1.0.3.tgz",
      "integrity": "sha512-nDsRrtIxVUO5opg/A8T2S3ebULVIfuh8ECbh4w3N4mWxIiT3QILDJDUQayPqm2e8Q8NUa0RSUkGCfe33AfjR3Q=="
    },
    "raw-body": {
      "version": "1.3.2",
      "resolved": "https://registry.npmjs.org/raw-body/-/raw-body-1.3.2.tgz",
      "integrity": "sha512-mo8/xcztEzTWt6oNV48j4fDf+YyLUEGhO+tZ1XUvlya1XV4yR343PtP6a/1ozJmVMUoEMB0YcNpBuF3o5t8csA==",
      "requires": {
        "bytes": "1.0.0",
        "iconv-lite": "0.4.6"
      }
    },
    "readable-stream": {
      "version": "1.1.14",
      "resolved": "https://registry.npmjs.org/readable-stream/-/readable-stream-1.1.14.tgz",
      "integrity": "sha512-+MeVjFf4L44XUkhM1eYbD8fyEsxcV81pqMSR5gblfcLCHfZvbrqy4/qYHE+/R5HoBUT11WV5O08Cr1n3YXkWVQ==",
      "requires": {
        "core-util-is": "~1.0.0",
        "inherits": "~2.0.1",
        "isarray": "0.0.1",
        "string_decoder": "~0.10.x"
      }
    },
    "response-time": {
      "version": "2.2.0",
      "resolved": "https://registry.npmjs.org/response-time/-/response-time-2.2.0.tgz",
      "integrity": "sha512-NusrwfV6rxbsmJSOutgsHT9MEipXlyO3niOTnyzTsGEIowds79TnRK0U+HQSQFTZH2PxOli0awDXguU48LgTNA==",
      "requires": {
        "depd": "~1.0.0",
        "on-headers": "~1.0.0"
      }
    },
    "rndm": {
      "version": "1.1.1",
      "resolved": "https://registry.npmjs.org/rndm/-/rndm-1.1.1.tgz",
      "integrity": "sha512-0hmr77ro4CsIi6ywLsZ+QqUrwll5DHFdmgeKtf9cBBhiW47BHL7VG6bzhdepnwH4gL3gREnLuP2gCiPRnep5cw=="
    },
    "scmp": {
      "version": "1.0.0",
      "resolved": "https://registry.npmjs.org/scmp/-/scmp-1.0.0.tgz",
      "integrity": "sha512-gCzsBFLpXrXnq60hYFV4hc4b5a3nIWTKtFWMYvlcXqs5gHKTR445CO3QbFRZW/O+9tRIVTeC46/MXbq1Se/1Sw=="
    },
    "send": {
      "version": "0.11.0",
      "resolved": "https://registry.npmjs.org/send/-/send-0.11.0.tgz",
      "integrity": "sha512-zn4NlpyHfJboM1xJjoUd0N/sQOiO2C9rJanG5zUI5iEEuWrPKP6y01ArCFqLTTGRx2rPLEC5qiKBlqEI+w4SqA==",
      "requires": {
        "debug": "~2.1.1",
        "depd": "~1.0.0",
        "destroy": "1.0.3",
        "escape-html": "1.0.1",
        "etag": "~1.5.1",
        "fresh": "0.2.4",
        "mime": "1.2.11",
        "ms": "0.7.0",
        "on-finished": "~2.2.0",
        "range-parser": "~1.0.2"
      }
    },
    "serve-favicon": {
      "version": "2.2.1",
      "resolved": "https://registry.npmjs.org/serve-favicon/-/serve-favicon-2.2.1.tgz",
      "integrity": "sha512-2EuUMft6+IuO24dUCiHa8UJfTd5+6aNLP5CrkjK4OFR8eu1TgE+eMTf8WQpTlrV07kGEfwrJ/P6rY2zTOAHRlw==",
      "requires": {
        "etag": "~1.6.0",
        "fresh": "0.2.4",
        "ms": "0.7.1",
        "parseurl": "~1.3.0"
      },
      "dependencies": {
        "etag": {
          "version": "1.6.0",
          "resolved": "https://registry.npmjs.org/etag/-/etag-1.6.0.tgz",
          "integrity": "sha512-nuKHp9E7WegPlkpbHWPFLD0Yidt/wbV3mZHGr1tUn8apKrsRPbQOxdJm/wQH0uyz+CULQyfRzoqArVByI7WGIg==",
          "requires": {
            "crc": "3.2.1"
          }
        },
        "ms": {
          "version": "0.7.1",
          "resolved": "https://registry.npmjs.org/ms/-/ms-0.7.1.tgz",
          "integrity": "sha512-lRLiIR9fSNpnP6TC4v8+4OU7oStC01esuNowdQ34L+Gk8e5Puoc88IqJ+XAY/B3Mn2ZKis8l8HX90oU8ivzUHg=="
        }
      }
    },
    "serve-index": {
      "version": "1.6.4",
      "resolved": "https://registry.npmjs.org/serve-index/-/serve-index-1.6.4.tgz",
      "integrity": "sha512-TPRoUITl7uDHyIR67liEtnbZZTVgDWGQzA6rHT2n88lHRbcGKorgAdtLb8KvS9P8DhWYe6nC4AH7OQzABfDUYQ==",
      "requires": {
        "accepts": "~1.2.7",
        "batch": "0.5.2",
        "debug": "~2.2.0",
        "escape-html": "1.0.1",
        "http-errors": "~1.3.1",
        "mime-types": "~2.0.11",
        "parseurl": "~1.3.0"
      },
      "dependencies": {
        "debug": {
          "version": "2.2.0",
          "resolved": "https://registry.npmjs.org/debug/-/debug-2.2.0.tgz",
          "integrity": "sha512-X0rGvJcskG1c3TgSCPqHJ0XJgwlcvOC7elJ5Y0hYuKBZoVqWpAMfLOeIh2UI/DCQ5ruodIjvsugZtjUYUw2pUw==",
          "requires": {
            "ms": "0.7.1"
          }
        },
        "http-errors": {
          "version": "1.3.1",
          "resolved": "https://registry.npmjs.org/http-errors/-/http-errors-1.3.1.tgz",
          "integrity": "sha512-gMygNskMurDCWfoCdyh1gOeDfSbkAHXqz94QoPj5IHIUjC/BG8/xv7FSEUr7waR5RcAya4j58bft9Wu/wHNeXA==",
          "requires": {
            "inherits": "~2.0.1",
            "statuses": "1"
          }
        },
        "ms": {
          "version": "0.7.1",
          "resolved": "https://registry.npmjs.org/ms/-/ms-0.7.1.tgz",
          "integrity": "sha512-lRLiIR9fSNpnP6TC4v8+4OU7oStC01esuNowdQ34L+Gk8e5Puoc88IqJ+XAY/B3Mn2ZKis8l8HX90oU8ivzUHg=="
        }
      }
    },
    "serve-static": {
      "version": "1.8.1",
      "resolved": "https://registry.npmjs.org/serve-static/-/serve-static-1.8.1.tgz",
      "integrity": "sha512-6VxXIbQ64SVDQ+tcPHuibd5NUI23jRY0BQhafagbv1wahH5LDslYIpJtYl/KQrRSu1U7ax54+gWFm9yrxqLBiw==",
      "requires": {
        "escape-html": "1.0.1",
        "parseurl": "~1.3.0",
        "send": "0.11.1",
        "utils-merge": "1.0.0"
      },
      "dependencies": {
        "send": {
          "version": "0.11.1",
          "resolved": "https://registry.npmjs.org/send/-/send-0.11.1.tgz",
          "integrity": "sha512-OeD0vwGXsQpyrdGganLdZRYOZFOM5Acb99nloxNcx7ECJfqB4XUGUfFNE12/TU1VwpJnCUt1XFIT02prFFHdzg==",
          "requires": {
            "debug": "~2.1.1",
            "depd": "~1.0.0",
            "destroy": "1.0.3",
            "escape-html": "1.0.1",
            "etag": "~1.5.1",
            "fresh": "0.2.4",
            "mime": "1.2.11",
            "ms": "0.7.0",
            "on-finished": "~2.2.0",
            "range-parser": "~1.0.2"
          }
        }
      }
    },
    "side-channel": {
      "version": "1.0.4",
      "resolved": "https://registry.npmjs.org/side-channel/-/side-channel-1.0.4.tgz",
      "integrity": "sha512-q5XPytqFEIKHkGdiMIrY10mvLRvnQh42/+GoBlFW3b2LXLE2xxJpZFdm94we0BaoV3RwJyGqg5wS7epxTv0Zvw==",
      "requires": {
        "call-bind": "^1.0.0",
        "get-intrinsic": "^1.0.2",
        "object-inspect": "^1.9.0"
      }
    },
    "statuses": {
      "version": "1.5.0",
      "resolved": "https://registry.npmjs.org/statuses/-/statuses-1.5.0.tgz",
      "integrity": "sha512-OpZ3zP+jT1PI7I8nemJX4AKmAX070ZkYPVWV/AaKTJl+tXCTGyVdC1a4SL8RUQYEwk/f34ZX8UTykN68FwrqAA=="
    },
    "stream-counter": {
      "version": "0.2.0",
      "resolved": "https://registry.npmjs.org/stream-counter/-/stream-counter-0.2.0.tgz",
      "integrity": "sha512-GjA2zKc2iXUUKRcOxXQmhEx0Ev3XHJ6c8yWGqhQjWwhGrqNwSsvq9YlRLgoGtZ5Kx2Ln94IedaqJ5GUG6aBbxA==",
      "requires": {
        "readable-stream": "~1.1.8"
      }
    },
    "string_decoder": {
      "version": "0.10.31",
      "resolved": "https://registry.npmjs.org/string_decoder/-/string_decoder-0.10.31.tgz",
      "integrity": "sha512-ev2QzSzWPYmy9GuqfIVildA4OdcGLeFZQrq5ys6RtiuF+RQQiZWr8TZNyAcuVXyQRYfEO+MsoB/1BuQVhOJuoQ=="
    },
    "stripe": {
      "version": "10.13.0",
      "resolved": "https://registry.npmjs.org/stripe/-/stripe-10.13.0.tgz",
      "integrity": "sha512-Uq+hToFOXHU+BHgzUmop2Monc0dM8pluXcoCOrgz9oY8XBDnSPOuXAJdKa04x5DCEgKWrFMHncQfAgwqzSgaTQ==",
      "requires": {
        "@types/node": ">=8.1.0",
        "qs": "^6.11.0"
      }
    },
    "type-is": {
      "version": "1.5.7",
      "resolved": "https://registry.npmjs.org/type-is/-/type-is-1.5.7.tgz",
      "integrity": "sha512-of68V0oUmVH4thGc1cLR3sKdICPsaL7kzpYc7FX1pcagY4eIllhyMqQcoOq289f+xj2orm8oPWwsCwxiCgVJbQ==",
      "requires": {
        "media-typer": "0.3.0",
        "mime-types": "~2.0.9"
      }
    },
    "uid-safe": {
      "version": "1.1.0",
      "resolved": "https://registry.npmjs.org/uid-safe/-/uid-safe-1.1.0.tgz",
      "integrity": "sha512-7+QtWs9zioL/iQX61G+4h3EPyr3H+tINIp0IAV4EL32vdf7qmFyuW0BgRqWl7p5oZOsEQrlL0bY7m5D8tp7b1w==",
      "requires": {
        "base64-url": "1.2.1",
        "native-or-bluebird": "~1.1.2"
      }
    },
    "utils-merge": {
      "version": "1.0.0",
      "resolved": "https://registry.npmjs.org/utils-merge/-/utils-merge-1.0.0.tgz",
      "integrity": "sha512-HwU9SLQEtyo+0uoKXd1nkLqigUWLB+QuNQR4OcmB73eWqksM5ovuqcycks2x043W8XVb75rG1HQ0h93TMXkzQQ=="
    },
    "vary": {
      "version": "1.0.1",
      "resolved": "https://registry.npmjs.org/vary/-/vary-1.0.1.tgz",
      "integrity": "sha512-yNsH+tC0r8quK2tg/yqkXqqaYzeKTkSqQ+8T6xCoWgOi/bU/omMYz+6k+I91JJJDeltJzI7oridTOq6OYkY0Tw=="
    },
    "vhost": {
      "version": "3.0.2",
      "resolved": "https://registry.npmjs.org/vhost/-/vhost-3.0.2.tgz",
      "integrity": "sha512-S3pJdWrpFWrKMboRU4dLYgMrTgoPALsmYwOvyebK2M6X95b9kQrjZy5rwl3uzzpfpENe/XrNYu/2U+e7/bmT5g=="
    }
  }
}
